
Microsoft Visual Studio Solution File, Format Version 12.00
# Visual Studio Version 17
VisualStudioVersion = 17.10.35027.167
MinimumVisualStudioVersion = 10.0.40219.1
Project("{FAE04EC0-301F-11D3-BF4B-00C04F79EFBC}") = "LearningAPP", "LearningAPP\LearningAPP.csproj", "{BA0EB035-F3F4-463E-B082-D3FA96F07532}"
EndProject
Global
	GlobalSection(SolutionConfigurationPlatforms) = preSolution
		Debug|Any CPU = Debug|Any CPU
		Release|Any CPU = Release|Any CPU
	EndGlobalSection
	GlobalSection(ProjectConfigurationPlatforms) = postSolution
		{BA0EB035-F3F4-463E-B082-D3FA96F07532}.Debug|Any CPU.ActiveCfg = Debug|Any CPU
		{BA0EB035-F3F4-463E-B082-D3FA96F07532}.Debug|Any CPU.Build.0 = Debug|Any CPU
		{BA0EB035-F3F4-463E-B082-D3FA96F07532}.Release|Any CPU.ActiveCfg = Release|Any CPU
		{BA0EB035-F3F4-463E-B082-D3FA96F07532}.Release|Any CPU.Build.0 = Release|Any CPU
	EndGlobalSection
	GlobalSection(SolutionProperties) = preSolution
		HideSolutionNode = FALSE
	EndGlobalSection
	GlobalSection(ExtensibilityGlobals) = postSolution
		SolutionGuid = {28A1C189-6FC4-4D0A-A133-653CD39D5D4A}
	EndGlobalSection
EndGlobal
